
Microsoft Visual Studio Solution File, Format Version 12.00
# Visual Studio Version 17
VisualStudioVersion = 17.10.34928.147
MinimumVisualStudioVersion = 10.0.40219.1
Project("{FAE04EC0-301F-11D3-BF4B-00C04F79EFBC}") = "ApiProductos", "ApiProductos.csproj", "{37448186-7901-4A14-96FD-76FFD895C242}"
EndProject
Project("{FAE04EC0-301F-11D3-BF4B-00C04F79EFBC}") = "ArticulosBack", "..\ArticulosBack\ArticulosBack.csproj", "{FD0FC866-9DE4-4E8D-A719-D61FE20E2D41}"
EndProject
Global
	GlobalSection(SolutionConfigurationPlatforms) = preSolution
		Debug|Any CPU = Debug|Any CPU
		Release|Any CPU = Release|Any CPU
	EndGlobalSection
	GlobalSection(ProjectConfigurationPlatforms) = postSolution
		{37448186-7901-4A14-96FD-76FFD895C242}.Debug|Any CPU.ActiveCfg = Debug|Any CPU
		{37448186-7901-4A14-96FD-76FFD895C242}.Debug|Any CPU.Build.0 = Debug|Any CPU
		{37448186-7901-4A14-96FD-76FFD895C242}.Release|Any CPU.ActiveCfg = Release|Any CPU
		{37448186-7901-4A14-96FD-76FFD895C242}.Release|Any CPU.Build.0 = Release|Any CPU
		{FD0FC866-9DE4-4E8D-A719-D61FE20E2D41}.Debug|Any CPU.ActiveCfg = Debug|Any CPU
		{FD0FC866-9DE4-4E8D-A719-D61FE20E2D41}.Debug|Any CPU.Build.0 = Debug|Any CPU
		{FD0FC866-9DE4-4E8D-A719-D61FE20E2D41}.Release|Any CPU.ActiveCfg = Release|Any CPU
		{FD0FC866-9DE4-4E8D-A719-D61FE20E2D41}.Release|Any CPU.Build.0 = Release|Any CPU
	EndGlobalSection
	GlobalSection(SolutionProperties) = preSolution
		HideSolutionNode = FALSE
	EndGlobalSection
	GlobalSection(ExtensibilityGlobals) = postSolution
		SolutionGuid = {3F4AD0A1-3F31-4755-B930-215E2F055CD4}
	EndGlobalSection
EndGlobal
